{
  "name": "tests",
  "lockfileVersion": 3,
  "requires": true,
  "packages": {
    "": {
      "devDependencies": {
        "playwright": "1.63.0",
        "vscode-oniguruma": "2.0.1",
        "vscode-textmate": "9.3.2"
      }
    },
    "node_modules/playwright": {
      "version": "1.63.0",
      "resolved": "https://registry.npmjs.org/playwright/-/playwright-1.63.0.tgz",
      "integrity": "sha512-+7ziBLidS4NaNCdt57SUDT+wYmmd5fmiQejUic/kb+YsYSCPyOOE9sebzMjNmQrsnNpDJqd4WHvV/8lfKfUDUg==",
      "dev": true,
      "license": "Apache-2.0",
      "dependencies": {
        "playwright-core": "1.63.0"
      },
      "bin": {
        "playwright": "cli.js"
      },
      "engines": {
        "node": ">=20"
      }
    },
    "node_modules/playwright-core": {
      "version": "1.63.0",
      "resolved": "https://registry.npmjs.org/playwright-core/-/playwright-core-1.63.0.tgz",
      "integrity": "sha512-rYCsBF/M5HjUch52bbtVONEFjv6Xu8sm8h72dNlR5bzIE1fvC/bxgspzkjSfU+MweEMmPM8KJebG6nnyxo5mCg==",
      "dev": true,
      "license": "Apache-2.0",
      "bin": {
        "playwright-core": "cli.js"
      },
      "engines": {
        "node": ">=20"
      }
    },
    "node_modules/vscode-oniguruma": {
      "version": "2.0.1",
      "resolved": "https://registry.npmjs.org/vscode-oniguruma/-/vscode-oniguruma-2.0.1.tgz",
      "integrity": "sha512-poJU8iHIWnC3vgphJnrLZyI3YdqRlR27xzqDmpPXYzA93R4Gk8z7T6oqDzDoHjoikA2aS82crdXFkjELCdJsjQ==",
      "dev": true,
      "license": "MIT"
    },
    "node_modules/vscode-textmate": {
      "version": "9.3.2",
      "resolved": "https://registry.npmjs.org/vscode-textmate/-/vscode-textmate-9.3.2.tgz",
      "integrity": "sha512-n2uGbUcrjhUEBH16uGA0TvUfhWwliFZ1e3+pTjrkim1Mt7ydB41lV08aUvsi70OlzDWp6X7Bx3w/x3fAXIsN0Q==",
      "dev": true,
      "license": "MIT"
    }
  }
}
